// !$*UTF8*$!
{
	archiveVersion = 1;
	classes = {
	};
	objectVersion = 77;
	objects = {

/* Begin PBXBuildFile section */
		ED5B0EB62D02B3680021A18C /* GoogleMaps in Frameworks */ = {isa = PBXBuildFile; productRef = ED5B0EB52D02B3680021A18C /* GoogleMaps */; };
		ED5B0EB92D02B49D0021A18C /* XCTest.framework in Frameworks */ = {isa = PBXBuildFile; fileRef = ED5B0EB82D02B49D0021A18C /* XCTest.framework */; platformFilter = ios; };
		ED5B0EBA2D02B49D0021A18C /* XCTest.framework in Embed Frameworks */ = {isa = PBXBuildFile; fileRef = ED5B0EB82D02B49D0021A18C /* XCTest.framework */; platformFilter = ios; settings = {ATTRIBUTES = (CodeSignOnCopy, RemoveHeadersOnCopy, ); }; };
		EDE283AA2D02CC2E00545A5B /* README.md in Resources */ = {isa = PBXBuildFile; fileRef = EDE283A92D02CC2E00545A5B /* README.md */; };
/* End PBXBuildFile section */

/* Begin PBXContainerItemProxy section */
		ED1B51182D00F7F300197D74 /* PBXContainerItemProxy */ = {
			isa = PBXContainerItemProxy;
			containerPortal = ED1B50FF2D00F7F100197D74 /* Project object */;
			proxyType = 1;
			remoteGlobalIDString = ED1B51062D00F7F100197D74;
			remoteInfo = NewsReaderApp;
		};
/* End PBXContainerItemProxy section */

/* Begin PBXCopyFilesBuildPhase section */
		ED5B0EBB2D02B49D0021A18C /* Embed Frameworks */ = {
			isa = PBXCopyFilesBuildPhase;
			buildActionMask = 2147483647;
			dstPath = "";
			dstSubfolderSpec = 10;
			files = (
				ED5B0EBA2D02B49D0021A18C /* XCTest.framework in Embed Frameworks */,
			);
			name = "Embed Frameworks";
			runOnlyForDeploymentPostprocessing = 0;
		};
/* End PBXCopyFilesBuildPhase section */

/* Begin PBXFileReference section */
		ED1B51072D00F7F100197D74 /* NewsReaderApp.app */ = {isa = PBXFileReference; explicitFileType = wrapper.application; includeInIndex = 0; path = NewsReaderApp.app; sourceTree = BUILT_PRODUCTS_DIR; };
		ED1B51172D00F7F300197D74 /* NewsReaderAppTests.xctest */ = {isa = PBXFileReference; explicitFileType = wrapper.cfbundle; includeInIndex = 0; path = NewsReaderAppTests.xctest; sourceTree = BUILT_PRODUCTS_DIR; };
		ED5B0EB82D02B49D0021A18C /* XCTest.framework */ = {isa = PBXFileReference; lastKnownFileType = wrapper.framework; name = XCTest.framework; path = Platforms/iPhoneOS.platform/Developer/Library/Frameworks/XCTest.framework; sourceTree = DEVELOPER_DIR; };
		EDE283A92D02CC2E00545A5B /* README.md */ = {isa = PBXFileReference; lastKnownFileType = net.daringfireball.markdown; path = README.md; sourceTree = "<group>"; };
/* End PBXFileReference section */

/* Begin PBXFileSystemSynchronizedRootGroup section */
		ED1B51092D00F7F100197D74 /* NewsReaderApp */ = {
			isa = PBXFileSystemSynchronizedRootGroup;
			path = NewsReaderApp;
			sourceTree = "<group>";
		};
		ED1B511A2D00F7F300197D74 /* NewsReaderAppTests */ = {
			isa = PBXFileSystemSynchronizedRootGroup;
			path = NewsReaderAppTests;
			sourceTree = "<group>";
		};
		ED1B51372D00FAB900197D74 /* Services */ = {
			isa = PBXFileSystemSynchronizedRootGroup;
			path = Services;
			sourceTree = "<group>";
		};
		ED1B51392D00FACD00197D74 /* Views */ = {
			isa = PBXFileSystemSynchronizedRootGroup;
			path = Views;
			sourceTree = "<group>";
		};
		ED1B513A2D00FAD200197D74 /* ViewModels */ = {
			isa = PBXFileSystemSynchronizedRootGroup;
			path = ViewModels;
			sourceTree = "<group>";
		};
		ED1B513B2D00FAD700197D74 /* Models */ = {
			isa = PBXFileSystemSynchronizedRootGroup;
			path = Models;
			sourceTree = "<group>";
		};
		ED207B342D015D73001A7F3B /* Resources */ = {
			isa = PBXFileSystemSynchronizedRootGroup;
			path = Resources;
			sourceTree = "<group>";
		};
		ED5B0EC12D02B6750021A18C /* Mock */ = {
			isa = PBXFileSystemSynchronizedRootGroup;
			path = Mock;
			sourceTree = "<group>";
		};
/* End PBXFileSystemSynchronizedRootGroup section */

/* Begin PBXFrameworksBuildPhase section */
		ED1B51042D00F7F100197D74 /* Frameworks */ = {
			isa = PBXFrameworksBuildPhase;
			buildActionMask = 2147483647;
			files = (
				ED5B0EB62D02B3680021A18C /* GoogleMaps in Frameworks */,
			);
			runOnlyForDeploymentPostprocessing = 0;
		};
		ED1B51142D00F7F300197D74 /* Frameworks */ = {
			isa = PBXFrameworksBuildPhase;
			buildActionMask = 2147483647;
			files = (
				ED5B0EB92D02B49D0021A18C /* XCTest.framework in Frameworks */,
			);
			runOnlyForDeploymentPostprocessing = 0;
		};
/* End PBXFrameworksBuildPhase section */

/* Begin PBXGroup section */
		ED1B50FE2D00F7F100197D74 = {
			isa = PBXGroup;
			children = (
				EDE283A92D02CC2E00545A5B /* README.md */,
				ED5B0EC12D02B6750021A18C /* Mock */,
				ED1B513B2D00FAD700197D74 /* Models */,
				ED1B513A2D00FAD200197D74 /* ViewModels */,
				ED1B51392D00FACD00197D74 /* Views */,
				ED1B51372D00FAB900197D74 /* Services */,
				ED207B342D015D73001A7F3B /* Resources */,
				ED1B51092D00F7F100197D74 /* NewsReaderApp */,
				ED1B511A2D00F7F300197D74 /* NewsReaderAppTests */,
				ED5B0EB72D02B49D0021A18C /* Frameworks */,
				ED1B51082D00F7F100197D74 /* Products */,
			);
			sourceTree = "<group>";
		};
		ED1B51082D00F7F100197D74 /* Products */ = {
			isa = PBXGroup;
			children = (
				ED1B51072D00F7F100197D74 /* NewsReaderApp.app */,
				ED1B51172D00F7F300197D74 /* NewsReaderAppTests.xctest */,
			);
			name = Products;
			sourceTree = "<group>";
		};
		ED5B0EB72D02B49D0021A18C /* Frameworks */ = {
			isa = PBXGroup;
			children = (
				ED5B0EB82D02B49D0021A18C /* XCTest.framework */,
			);
			name = Frameworks;
			sourceTree = "<group>";
		};
/* End PBXGroup section */

/* Begin PBXNativeTarget section */
		ED1B51062D00F7F100197D74 /* NewsReaderApp */ = {
			isa = PBXNativeTarget;
			buildConfigurationList = ED1B512B2D00F7F300197D74 /* Build configuration list for PBXNativeTarget "NewsReaderApp" */;
			buildPhases = (
				ED1B51032D00F7F100197D74 /* Sources */,
				ED1B51042D00F7F100197D74 /* Frameworks */,
				ED1B51052D00F7F100197D74 /* Resources */,
			);
			buildRules = (
			);
			dependencies = (
			);
			fileSystemSynchronizedGroups = (
				ED1B51092D00F7F100197D74 /* NewsReaderApp */,
				ED1B51372D00FAB900197D74 /* Services */,
				ED1B51392D00FACD00197D74 /* Views */,
				ED1B513A2D00FAD200197D74 /* ViewModels */,
				ED1B513B2D00FAD700197D74 /* Models */,
				ED207B342D015D73001A7F3B /* Resources */,
				ED5B0EC12D02B6750021A18C /* Mock */,
			);
			name = NewsReaderApp;
			packageProductDependencies = (
				ED5B0EB52D02B3680021A18C /* GoogleMaps */,
			);
			productName = NewsReaderApp;
			productReference = ED1B51072D00F7F100197D74 /* NewsReaderApp.app */;
			productType = "com.apple.product-type.application";
		};
		ED1B51162D00F7F300197D74 /* NewsReaderAppTests */ = {
			isa = PBXNativeTarget;
			buildConfigurationList = ED1B512E2D00F7F300197D74 /* Build configuration list for PBXNativeTarget "NewsReaderAppTests" */;
			buildPhases = (
				ED1B51132D00F7F300197D74 /* Sources */,
				ED1B51142D00F7F300197D74 /* Frameworks */,
				ED1B51152D00F7F300197D74 /* Resources */,
				ED5B0EBB2D02B49D0021A18C /* Embed Frameworks */,
			);
			buildRules = (
			);
			dependencies = (
				ED1B51192D00F7F300197D74 /* PBXTargetDependency */,
			);
			fileSystemSynchronizedGroups = (
				ED1B511A2D00F7F300197D74 /* NewsReaderAppTests */,
			);
			name = NewsReaderAppTests;
			packageProductDependencies = (
			);
			productName = NewsReaderAppTests;
			productReference = ED1B51172D00F7F300197D74 /* NewsReaderAppTests.xctest */;
			productType = "com.apple.product-type.bundle.unit-test";
		};
/* End PBXNativeTarget section */

/* Begin PBXProject section */
		ED1B50FF2D00F7F100197D74 /* Project object */ = {
			isa = PBXProject;
			attributes = {
				BuildIndependentTargetsInParallel = 1;
				LastSwiftUpdateCheck = 1610;
				LastUpgradeCheck = 1610;
				TargetAttributes = {
					ED1B51062D00F7F100197D74 = {
						CreatedOnToolsVersion = 16.1;
					};
					ED1B51162D00F7F300197D74 = {
						CreatedOnToolsVersion = 16.1;
						TestTargetID = ED1B51062D00F7F100197D74;
					};
				};
			};
			buildConfigurationList = ED1B51022D00F7F100197D74 /* Build configuration list for PBXProject "NewsReaderApp" */;
			developmentRegion = en;
			hasScannedForEncodings = 0;
			knownRegions = (
				en,
				Base,
			);
			mainGroup = ED1B50FE2D00F7F100197D74;
			minimizedProjectReferenceProxies = 1;
			packageReferences = (
				ED5B0EB42D02B3680021A18C /* XCRemoteSwiftPackageReference "ios-maps-sdk" */,
			);
			preferredProjectObjectVersion = 77;
			productRefGroup = ED1B51082D00F7F100197D74 /* Products */;
			projectDirPath = "";
			projectRoot = "";
			targets = (
				ED1B51062D00F7F100197D74 /* NewsReaderApp */,
				ED1B51162D00F7F300197D74 /* NewsReaderAppTests */,
			);
		};
/* End PBXProject section */

/* Begin PBXResourcesBuildPhase section */
		ED1B51052D00F7F100197D74 /* Resources */ = {
			isa = PBXResourcesBuildPhase;
			buildActionMask = 2147483647;
			files = (
				EDE283AA2D02CC2E00545A5B /* README.md in Resources */,
			);
			runOnlyForDeploymentPostprocessing = 0;
		};
		ED1B51152D00F7F300197D74 /* Resources */ = {
			isa = PBXResourcesBuildPhase;
			buildActionMask = 2147483647;
			files = (
			);
			runOnlyForDeploymentPostprocessing = 0;
		};
/* End PBXResourcesBuildPhase section */

/* Begin PBXSourcesBuildPhase section */
		ED1B51032D00F7F100197D74 /* Sources */ = {
			isa = PBXSourcesBuildPhase;
			buildActionMask = 2147483647;
			files = (
			);
			runOnlyForDeploymentPostprocessing = 0;
		};
		ED1B51132D00F7F300197D74 /* Sources */ = {
			isa = PBXSourcesBuildPhase;
			buildActionMask = 2147483647;
			files = (
			);
			runOnlyForDeploymentPostprocessing = 0;
		};
/* End PBXSourcesBuildPhase section */

/* Begin PBXTargetDependency section */
		ED1B51192D00F7F300197D74 /* PBXTargetDependency */ = {
			isa = PBXTargetDependency;
			target = ED1B51062D00F7F100197D74 /* NewsReaderApp */;
			targetProxy = ED1B51182D00F7F300197D74 /* PBXContainerItemProxy */;
		};
/* End PBXTargetDependency section */

/* Begin XCBuildConfiguration section */
		ED1B51292D00F7F300197D74 /* Debug */ = {
			isa = XCBuildConfiguration;
			buildSettings = {
				ALWAYS_SEARCH_USER_PATHS = NO;
				ASSETCATALOG_COMPILER_GENERATE_SWIFT_ASSET_SYMBOL_EXTENSIONS = YES;
				CLANG_ANALYZER_NONNULL = YES;
				CLANG_ANALYZER_NUMBER_OBJECT_CONVERSION = YES_AGGRESSIVE;
				CLANG_CXX_LANGUAGE_STANDARD = "gnu++20";
				CLANG_ENABLE_MODULES = YES;
				CLANG_ENABLE_OBJC_ARC = YES;
				CLANG_ENABLE_OBJC_WEAK = YES;
				CLANG_WARN_BLOCK_CAPTURE_AUTORELEASING = YES;
				CLANG_WARN_BOOL_CONVERSION = YES;
				CLANG_WARN_COMMA = YES;
				CLANG_WARN_CONSTANT_CONVERSION = YES;
				CLANG_WARN_DEPRECATED_OBJC_IMPLEMENTATIONS = YES;
				CLANG_WARN_DIRECT_OBJC_ISA_USAGE = YES_ERROR;
				CLANG_WARN_DOCUMENTATION_COMMENTS = YES;
				CLANG_WARN_EMPTY_BODY = YES;
				CLANG_WARN_ENUM_CONVERSION = YES;
				CLANG_WARN_INFINITE_RECURSION = YES;
				CLANG_WARN_INT_CONVERSION = YES;
				CLANG_WARN_NON_LITERAL_NULL_CONVERSION = YES;
				CLANG_WARN_OBJC_IMPLICIT_RETAIN_SELF = YES;
				CLANG_WARN_OBJC_LITERAL_CONVERSION = YES;
				CLANG_WARN_OBJC_ROOT_CLASS = YES_ERROR;
				CLANG_WARN_QUOTED_INCLUDE_IN_FRAMEWORK_HEADER = YES;
				CLANG_WARN_RANGE_LOOP_ANALYSIS = YES;
				CLANG_WARN_STRICT_PROTOTYPES = YES;
				CLANG_WARN_SUSPICIOUS_MOVE = YES;
				CLANG_WARN_UNGUARDED_AVAILABILITY = YES_AGGRESSIVE;
				CLANG_WARN_UNREACHABLE_CODE = YES;
				CLANG_WARN__DUPLICATE_METHOD_MATCH = YES;
				COPY_PHASE_STRIP = NO;
				DEBUG_INFORMATION_FORMAT = dwarf;
				ENABLE_STRICT_OBJC_MSGSEND = YES;
				ENABLE_TESTABILITY = YES;
				ENABLE_USER_SCRIPT_SANDBOXING = YES;
				GCC_C_LANGUAGE_STANDARD = gnu17;
				GCC_DYNAMIC_NO_PIC = NO;
				GCC_NO_COMMON_BLOCKS = YES;
				GCC_OPTIMIZATION_LEVEL = 0;
				GCC_PREPROCESSOR_DEFINITIONS = (
					"DEBUG=1",
					"$(inherited)",
				);
				GCC_WARN_64_TO_32_BIT_CONVERSION = YES;
				GCC_WARN_ABOUT_RETURN_TYPE = YES_ERROR;
				GCC_WARN_UNDECLARED_SELECTOR = YES;
				GCC_WARN_UNINITIALIZED_AUTOS = YES_AGGRESSIVE;
				GCC_WARN_UNUSED_FUNCTION = YES;
				GCC_WARN_UNUSED_VARIABLE = YES;
				IPHONEOS_DEPLOYMENT_TARGET = 18.1;
				LOCALIZATION_PREFERS_STRING_CATALOGS = YES;
				MTL_ENABLE_DEBUG_INFO = INCLUDE_SOURCE;
				MTL_FAST_MATH = YES;
				ONLY_ACTIVE_ARCH = YES;
				SDKROOT = iphoneos;
				SWIFT_ACTIVE_COMPILATION_CONDITIONS = "DEBUG $(inherited)";
				SWIFT_OPTIMIZATION_LEVEL = "-Onone";
			};
			name = Debug;
		};
		ED1B512A2D00F7F300197D74 /* Release */ = {
			isa = XCBuildConfiguration;
			buildSettings = {
				ALWAYS_SEARCH_USER_PATHS = NO;
				ASSETCATALOG_COMPILER_GENERATE_SWIFT_ASSET_SYMBOL_EXTENSIONS = YES;
				CLANG_ANALYZER_NONNULL = YES;
				CLANG_ANALYZER_NUMBER_OBJECT_CONVERSION = YES_AGGRESSIVE;
				CLANG_CXX_LANGUAGE_STANDARD = "gnu++20";
				CLANG_ENABLE_MODULES = YES;
				CLANG_ENABLE_OBJC_ARC = YES;
				CLANG_ENABLE_OBJC_WEAK = YES;
				CLANG_WARN_BLOCK_CAPTURE_AUTORELEASING = YES;
				CLANG_WARN_BOOL_CONVERSION = YES;
				CLANG_WARN_COMMA = YES;
				CLANG_WARN_CONSTANT_CONVERSION = YES;
				CLANG_WARN_DEPRECATED_OBJC_IMPLEMENTATIONS = YES;
				CLANG_WARN_DIRECT_OBJC_ISA_USAGE = YES_ERROR;
				CLANG_WARN_DOCUMENTATION_COMMENTS = YES;
				CLANG_WARN_EMPTY_BODY = YES;
				CLANG_WARN_ENUM_CONVERSION = YES;
				CLANG_WARN_INFINITE_RECURSION = YES;
				CLANG_WARN_INT_CONVERSION = YES;
				CLANG_WARN_NON_LITERAL_NULL_CONVERSION = YES;
				CLANG_WARN_OBJC_IMPLICIT_RETAIN_SELF = YES;
				CLANG_WARN_OBJC_LITERAL_CONVERSION = YES;
				CLANG_WARN_OBJC_ROOT_CLASS = YES_ERROR;
				CLANG_WARN_QUOTED_INCLUDE_IN_FRAMEWORK_HEADER = YES;
				CLANG_WARN_RANGE_LOOP_ANALYSIS = YES;
				CLANG_WARN_STRICT_PROTOTYPES = YES;
				CLANG_WARN_SUSPICIOUS_MOVE = YES;
				CLANG_WARN_UNGUARDED_AVAILABILITY = YES_AGGRESSIVE;
				CLANG_WARN_UNREACHABLE_CODE = YES;
				CLANG_WARN__DUPLICATE_METHOD_MATCH = YES;
				COPY_PHASE_STRIP = NO;
				DEBUG_INFORMATION_FORMAT = "dwarf-with-dsym";
				ENABLE_NS_ASSERTIONS = NO;
				ENABLE_STRICT_OBJC_MSGSEND = YES;
				ENABLE_USER_SCRIPT_SANDBOXING = YES;
				GCC_C_LANGUAGE_STANDARD = gnu17;
				GCC_NO_COMMON_BLOCKS = YES;
				GCC_WARN_64_TO_32_BIT_CONVERSION = YES;
				GCC_WARN_ABOUT_RETURN_TYPE = YES_ERROR;
				GCC_WARN_UNDECLARED_SELECTOR = YES;
				GCC_WARN_UNINITIALIZED_AUTOS = YES_AGGRESSIVE;
				GCC_WARN_UNUSED_FUNCTION = YES;
				GCC_WARN_UNUSED_VARIABLE = YES;
				IPHONEOS_DEPLOYMENT_TARGET = 18.1;
				LOCALIZATION_PREFERS_STRING_CATALOGS = YES;
				MTL_ENABLE_DEBUG_INFO = NO;
				MTL_FAST_MATH = YES;
				SDKROOT = iphoneos;
				SWIFT_COMPILATION_MODE = wholemodule;
				VALIDATE_PRODUCT = YES;
			};
			name = Release;
		};
		ED1B512C2D00F7F300197D74 /* Debug */ = {
			isa = XCBuildConfiguration;
			buildSettings = {
				ASSETCATALOG_COMPILER_APPICON_NAME = AppIcon;
				ASSETCATALOG_COMPILER_GLOBAL_ACCENT_COLOR_NAME = AccentColor;
				CODE_SIGN_IDENTITY = "Apple Development";
				CODE_SIGN_STYLE = Automatic;
				CURRENT_PROJECT_VERSION = 1;
				DEVELOPMENT_ASSET_PATHS = "\"NewsReaderApp/Preview Content\"";
				DEVELOPMENT_TEAM = "";
				ENABLE_PREVIEWS = YES;
				GENERATE_INFOPLIST_FILE = YES;
				INFOPLIST_KEY_CFBundleDisplayName = "News Reader";
				INFOPLIST_KEY_LSApplicationCategoryType = "public.app-category.news";
				INFOPLIST_KEY_UIApplicationSceneManifest_Generation = YES;
				INFOPLIST_KEY_UIApplicationSupportsIndirectInputEvents = YES;
				INFOPLIST_KEY_UILaunchScreen_Generation = YES;
				INFOPLIST_KEY_UISupportedInterfaceOrientations_iPad = "UIInterfaceOrientationPortrait UIInterfaceOrientationPortraitUpsideDown UIInterfaceOrientationLandscapeLeft UIInterfaceOrientationLandscapeRight";
				INFOPLIST_KEY_UISupportedInterfaceOrientations_iPhone = "UIInterfaceOrientationPortrait UIInterfaceOrientationLandscapeLeft UIInterfaceOrientationLandscapeRight";
				LD_RUNPATH_SEARCH_PATHS = (
					"$(inherited)",
					"@executable_path/Frameworks",
				);
				MARKETING_VERSION = 1.0;
				PRODUCT_BUNDLE_IDENTIFIER = com.conexa.NewsReaderApp;
				PRODUCT_NAME = "$(TARGET_NAME)";
				PROVISIONING_PROFILE_SPECIFIER = "";
				SWIFT_EMIT_LOC_STRINGS = YES;
				SWIFT_VERSION = 5.0;
				TARGETED_DEVICE_FAMILY = "1,2";
			};
			name = Debug;
		};
		ED1B512D2D00F7F300197D74 /* Release */ = {
			isa = XCBuildConfiguration;
			buildSettings = {
				ASSETCATALOG_COMPILER_APPICON_NAME = AppIcon;
				ASSETCATALOG_COMPILER_GLOBAL_ACCENT_COLOR_NAME = AccentColor;
				CODE_SIGN_IDENTITY = "Apple Development";
				CODE_SIGN_STYLE = Automatic;
				CURRENT_PROJECT_VERSION = 1;
				DEVELOPMENT_ASSET_PATHS = "\"NewsReaderApp/Preview Content\"";
				DEVELOPMENT_TEAM = "";
				ENABLE_PREVIEWS = YES;
				GENERATE_INFOPLIST_FILE = YES;
				INFOPLIST_KEY_CFBundleDisplayName = "News Reader";
				INFOPLIST_KEY_LSApplicationCategoryType = "public.app-category.news";
				INFOPLIST_KEY_UIApplicationSceneManifest_Generation = YES;
				INFOPLIST_KEY_UIApplicationSupportsIndirectInputEvents = YES;
				INFOPLIST_KEY_UILaunchScreen_Generation = YES;
				INFOPLIST_KEY_UISupportedInterfaceOrientations_iPad = "UIInterfaceOrientationPortrait UIInterfaceOrientationPortraitUpsideDown UIInterfaceOrientationLandscapeLeft UIInterfaceOrientationLandscapeRight";
				INFOPLIST_KEY_UISupportedInterfaceOrientations_iPhone = "UIInterfaceOrientationPortrait UIInterfaceOrientationLandscapeLeft UIInterfaceOrientationLandscapeRight";
				LD_RUNPATH_SEARCH_PATHS = (
					"$(inherited)",
					"@executable_path/Frameworks",
				);
				MARKETING_VERSION = 1.0;
				PRODUCT_BUNDLE_IDENTIFIER = com.conexa.NewsReaderApp;
				PRODUCT_NAME = "$(TARGET_NAME)";
				PROVISIONING_PROFILE_SPECIFIER = "";
				SWIFT_EMIT_LOC_STRINGS = YES;
				SWIFT_VERSION = 5.0;
				TARGETED_DEVICE_FAMILY = "1,2";
			};
			name = Release;
		};
		ED1B512F2D00F7F300197D74 /* Debug */ = {
			isa = XCBuildConfiguration;
			buildSettings = {
				BUNDLE_LOADER = "$(TEST_HOST)";
				CODE_SIGN_STYLE = Automatic;
				CURRENT_PROJECT_VERSION = 1;
				DEVELOPMENT_TEAM = "";
				GENERATE_INFOPLIST_FILE = YES;
				IPHONEOS_DEPLOYMENT_TARGET = 18.1;
				MARKETING_VERSION = 1.0;
				PRODUCT_BUNDLE_IDENTIFIER = app.conexa.NewsReaderAppTests;
				PRODUCT_NAME = "$(TARGET_NAME)";
				SWIFT_EMIT_LOC_STRINGS = NO;
				SWIFT_VERSION = 5.0;
				TARGETED_DEVICE_FAMILY = "1,2";
				TEST_HOST = "$(BUILT_PRODUCTS_DIR)/NewsReaderApp.app/$(BUNDLE_EXECUTABLE_FOLDER_PATH)/NewsReaderApp";
			};
			name = Debug;
		};
		ED1B51302D00F7F300197D74 /* Release */ = {
			isa = XCBuildConfiguration;
			buildSettings = {
				BUNDLE_LOADER = "$(TEST_HOST)";
				CODE_SIGN_STYLE = Automatic;
				CURRENT_PROJECT_VERSION = 1;
				DEVELOPMENT_TEAM = "";
				GENERATE_INFOPLIST_FILE = YES;
				IPHONEOS_DEPLOYMENT_TARGET = 18.1;
				MARKETING_VERSION = 1.0;
				PRODUCT_BUNDLE_IDENTIFIER = app.conexa.NewsReaderAppTests;
				PRODUCT_NAME = "$(TARGET_NAME)";
				SWIFT_EMIT_LOC_STRINGS = NO;
				SWIFT_VERSION = 5.0;
				TARGETED_DEVICE_FAMILY = "1,2";
				TEST_HOST = "$(BUILT_PRODUCTS_DIR)/NewsReaderApp.app/$(BUNDLE_EXECUTABLE_FOLDER_PATH)/NewsReaderApp";
			};
			name = Release;
		};
/* End XCBuildConfiguration section */

/* Begin XCConfigurationList section */
		ED1B51022D00F7F100197D74 /* Build configuration list for PBXProject "NewsReaderApp" */ = {
			isa = XCConfigurationList;
			buildConfigurations = (
				ED1B51292D00F7F300197D74 /* Debug */,
				ED1B512A2D00F7F300197D74 /* Release */,
			);
			defaultConfigurationIsVisible = 0;
			defaultConfigurationName = Release;
		};
		ED1B512B2D00F7F300197D74 /* Build configuration list for PBXNativeTarget "NewsReaderApp" */ = {
			isa = XCConfigurationList;
			buildConfigurations = (
				ED1B512C2D00F7F300197D74 /* Debug */,
				ED1B512D2D00F7F300197D74 /* Release */,
			);
			defaultConfigurationIsVisible = 0;
			defaultConfigurationName = Release;
		};
		ED1B512E2D00F7F300197D74 /* Build configuration list for PBXNativeTarget "NewsReaderAppTests" */ = {
			isa = XCConfigurationList;
			buildConfigurations = (
				ED1B512F2D00F7F300197D74 /* Debug */,
				ED1B51302D00F7F300197D74 /* Release */,
			);
			defaultConfigurationIsVisible = 0;
			defaultConfigurationName = Release;
		};
/* End XCConfigurationList section */

/* Begin XCRemoteSwiftPackageReference section */
		ED5B0EB42D02B3680021A18C /* XCRemoteSwiftPackageReference "ios-maps-sdk" */ = {
			isa = XCRemoteSwiftPackageReference;
			repositoryURL = "https://github.com/googlemaps/ios-maps-sdk";
			requirement = {
				kind = upToNextMajorVersion;
				minimumVersion = 9.2.0;
			};
		};
/* End XCRemoteSwiftPackageReference section */

/* Begin XCSwiftPackageProductDependency section */
		ED5B0EB52D02B3680021A18C /* GoogleMaps */ = {
			isa = XCSwiftPackageProductDependency;
			package = ED5B0EB42D02B3680021A18C /* XCRemoteSwiftPackageReference "ios-maps-sdk" */;
			productName = GoogleMaps;
		};
/* End XCSwiftPackageProductDependency section */
	};
	rootObject = ED1B50FF2D00F7F100197D74 /* Project object */;
}
